<?xml version="1.0" encoding="utf-8"?>
<Project ToolsVersion="4.0" xmlns="http://schemas.microsoft.com/developer/msbuild/2003">
  <ItemGroup>
    <Filter Include="Source Files">
      <UniqueIdentifier>{4FC737F1-C7A5-4376-A066-2A32D752A2FF}</UniqueIdentifier>
      <Extensions>cpp;c;cc;cxx;c++;cppm;ixx;def;odl;idl;hpj;bat;asm;asmx</Extensions>
    </Filter>
    <Filter Include="Header Files">
      <UniqueIdentifier>{93995380-89BD-4b04-88EB-625FBE52EBFB}</UniqueIdentifier>
      <Extensions>h;hh;hpp;hxx;h++;hm;inl;inc;ipp;xsd</Extensions>
    </Filter>
    <Filter Include="Resource Files">
      <UniqueIdentifier>{67DA6AB6-F800-4c08-8B7A-83BB121AAD01}</UniqueIdentifier>
      <Extensions>rc;ico;cur;bmp;dlg;rc2;rct;bin;rgs;gif;jpg;jpeg;jpe;resx;tiff;tif;png;wav;mfcribbon-ms</Extensions>
    </Filter>
  </ItemGroup>
  <ItemGroup>
    <ClInclude Include="cAssetManager.h">
      <Filter>Header Files</Filter>
    </ClInclude>
    <ClInclude Include="cMapLoader.h">
      <Filter>Header Files</Filter>
    </ClInclude>
    <ClInclude Include="cApp.h">
      <Filter>Header Files</Filter>
    </ClInclude>
    <ClInclude Include="uStringUtils.h">
      <Filter>Header Files</Filter>
    </ClInclude>
    <ClInclude Include="gResourcePack.h">
      <Filter>Header Files</Filter>
    </ClInclude>
    <ClInclude Include="gSprite.h">
      <Filter>Header Files</Filter>
    </ClInclude>
    <ClInclude Include="gPixel.h">
      <Filter>Header Files</Filter>
    </ClInclude>
    <ClInclude Include="uAppConst.h">
      <Filter>Header Files</Filter>
    </ClInclude>
    <ClInclude Include="uSound.h">
      <Filter>Header Files</Filter>
    </ClInclude>
    <ClInclude Include="cZone.h">
      <Filter>Header Files</Filter>
    </ClInclude>
    <ClInclude Include="cMenu.h">
      <Filter>Header Files</Filter>
    </ClInclude>
    <ClInclude Include="gKey.h">
      <Filter>Header Files</Filter>
    </ClInclude>
    <ClInclude Include="gUtils.h">
      <Filter>Header Files</Filter>
    </ClInclude>
    <ClInclude Include="gTexture.h">
      <Filter>Header Files</Filter>
    </ClInclude>
    <ClInclude Include="gConst.h">
      <Filter>Header Files</Filter>
    </ClInclude>
    <ClInclude Include="gState.h">
      <Filter>Header Files</Filter>
    </ClInclude>
    <ClInclude Include="cPlayer.h">
      <Filter>Header Files</Filter>
    </ClInclude>
  </ItemGroup>
  <ItemGroup>
    <ClCompile Include="main.cpp">
      <Filter>Source Files</Filter>
    </ClCompile>
    <ClCompile Include="cAssetManager.cpp">
      <Filter>Source Files</Filter>
    </ClCompile>
    <ClCompile Include="cMapLoader.cpp">
      <Filter>Source Files</Filter>
    </ClCompile>
    <ClCompile Include="cApp.cpp">
      <Filter>Source Files</Filter>
    </ClCompile>
    <ClCompile Include="uStringUtils.cpp">
      <Filter>Source Files</Filter>
    </ClCompile>
    <ClCompile Include="gPixel.cpp">
      <Filter>Source Files</Filter>
    </ClCompile>
    <ClCompile Include="gSprite.cpp">
      <Filter>Source Files</Filter>
    </ClCompile>
    <ClCompile Include="gResourcePack.cpp">
      <Filter>Source Files</Filter>
    </ClCompile>
    <ClCompile Include="gGameEngine.cpp">
      <Filter>Source Files</Filter>
    </ClCompile>
    <ClCompile Include="gGameEngine.h">
      <Filter>Header Files</Filter>
    </ClCompile>
    <ClCompile Include="uSound.cpp">
      <Filter>Source Files</Filter>
    </ClCompile>
    <ClCompile Include="cZone.cpp">
      <Filter>Source Files</Filter>
    </ClCompile>
    <ClCompile Include="cMenu.cpp">
      <Filter>Source Files</Filter>
    </ClCompile>
    <ClCompile Include="gKey.cpp">
      <Filter>Source Files</Filter>
    </ClCompile>
    <ClCompile Include="gUtils.cpp">
      <Filter>Source Files</Filter>
    </ClCompile>
    <ClCompile Include="gTexture.cpp">
      <Filter>Source Files</Filter>
    </ClCompile>
    <ClCompile Include="gState.cpp">
      <Filter>Source Files</Filter>
    </ClCompile>
    <ClCompile Include="cPlayer.cpp">
      <Filter>Source Files</Filter>
    </ClCompile>
  </ItemGroup>
  <ItemGroup>
    <None Include="data\map\lanes.csv">
      <Filter>Resource Files</Filter>
    </None>
    <None Include="..\.gitignore">
      <Filter>Resource Files</Filter>
    </None>
    <None Include="..\README.md">
      <Filter>Resource Files</Filter>
    </None>
    <None Include="docs\projectStandard.md" />
    <None Include="docs\codeStandard.md" />
    <None Include="docs\todo.md" />
  </ItemGroup>
  <ItemGroup>
    <Text Include="data\map\lanes.txt">
      <Filter>Resource Files</Filter>
    </Text>
    <Text Include="docs\mapStandard.md" />
    <Text Include="data\maps\map1.txt" />
    <Text Include="data\maps\map2.txt" />
    <Text Include="data\maps\map3.txt" />
    <Text Include="data\maps\map0.txt" />
    <Text Include="data\maps\mapNames.txt">
      <Filter>Source Files</Filter>
    </Text>
  </ItemGroup>
</Project>